// !$*UTF8*$!
{
	archiveVersion = 1;
	classes = {
	};
	objectVersion = 50;
	objects = {

/* Begin PBXBuildFile section */
		BFDCDD362181BDDD00E3BF7A /* main.cpp in Sources */ = {isa = PBXBuildFile; fileRef = BFDCDD352181BDDD00E3BF7A /* main.cpp */; };
		BFDCDD43218205E200E3BF7A /* libopencv_highgui.3.4.3.dylib in Frameworks */ = {isa = PBXBuildFile; fileRef = BFDCDD3C218205E200E3BF7A /* libopencv_highgui.3.4.3.dylib */; };
		BFDCDD44218205E200E3BF7A /* libopencv_videoio.3.4.3.dylib in Frameworks */ = {isa = PBXBuildFile; fileRef = BFDCDD3D218205E200E3BF7A /* libopencv_videoio.3.4.3.dylib */; };
		BFDCDD45218205E200E3BF7A /* libopencv_video.3.4.3.dylib in Frameworks */ = {isa = PBXBuildFile; fileRef = BFDCDD3E218205E200E3BF7A /* libopencv_video.3.4.3.dylib */; };
		BFDCDD46218205E200E3BF7A /* libopencv_videostab.3.4.3.dylib in Frameworks */ = {isa = PBXBuildFile; fileRef = BFDCDD3F218205E200E3BF7A /* libopencv_videostab.3.4.3.dylib */; };
		BFDCDD47218205E200E3BF7A /* libopencv_imgcodecs.3.4.3.dylib in Frameworks */ = {isa = PBXBuildFile; fileRef = BFDCDD40218205E200E3BF7A /* libopencv_imgcodecs.3.4.3.dylib */; };
		BFDCDD48218205E200E3BF7A /* libopencv_imgproc.3.4.3.dylib in Frameworks */ = {isa = PBXBuildFile; fileRef = BFDCDD41218205E200E3BF7A /* libopencv_imgproc.3.4.3.dylib */; };
		BFDCDD49218205E200E3BF7A /* libopencv_core.3.4.3.dylib in Frameworks */ = {isa = PBXBuildFile; fileRef = BFDCDD42218205E200E3BF7A /* libopencv_core.3.4.3.dylib */; };
/* End PBXBuildFile section */

/* Begin PBXCopyFilesBuildPhase section */
		BFDCDD302181BDDD00E3BF7A /* CopyFiles */ = {
			isa = PBXCopyFilesBuildPhase;
			buildActionMask = 2147483647;
			dstPath = /usr/share/man/man1/;
			dstSubfolderSpec = 0;
			files = (
			);
			runOnlyForDeploymentPostprocessing = 1;
		};
/* End PBXCopyFilesBuildPhase section */

/* Begin PBXFileReference section */
		BFDCDD322181BDDD00E3BF7A /* opencv11-3 */ = {isa = PBXFileReference; explicitFileType = "compiled.mach-o.executable"; includeInIndex = 0; path = "opencv11-3"; sourceTree = BUILT_PRODUCTS_DIR; };
		BFDCDD352181BDDD00E3BF7A /* main.cpp */ = {isa = PBXFileReference; lastKnownFileType = sourcecode.cpp.cpp; path = main.cpp; sourceTree = "<group>"; };
		BFDCDD3C218205E200E3BF7A /* libopencv_highgui.3.4.3.dylib */ = {isa = PBXFileReference; lastKnownFileType = "compiled.mach-o.dylib"; name = libopencv_highgui.3.4.3.dylib; path = ../../../../../../usr/local/lib/libopencv_highgui.3.4.3.dylib; sourceTree = "<group>"; };
		BFDCDD3D218205E200E3BF7A /* libopencv_videoio.3.4.3.dylib */ = {isa = PBXFileReference; lastKnownFileType = "compiled.mach-o.dylib"; name = libopencv_videoio.3.4.3.dylib; path = ../../../../../../usr/local/lib/libopencv_videoio.3.4.3.dylib; sourceTree = "<group>"; };
		BFDCDD3E218205E200E3BF7A /* libopencv_video.3.4.3.dylib */ = {isa = PBXFileReference; lastKnownFileType = "compiled.mach-o.dylib"; name = libopencv_video.3.4.3.dylib; path = ../../../../../../usr/local/lib/libopencv_video.3.4.3.dylib; sourceTree = "<group>"; };
		BFDCDD3F218205E200E3BF7A /* libopencv_videostab.3.4.3.dylib */ = {isa = PBXFileReference; lastKnownFileType = "compiled.mach-o.dylib"; name = libopencv_videostab.3.4.3.dylib; path = ../../../../../../usr/local/lib/libopencv_videostab.3.4.3.dylib; sourceTree = "<group>"; };
		BFDCDD40218205E200E3BF7A /* libopencv_imgcodecs.3.4.3.dylib */ = {isa = PBXFileReference; lastKnownFileType = "compiled.mach-o.dylib"; name = libopencv_imgcodecs.3.4.3.dylib; path = ../../../../../../usr/local/lib/libopencv_imgcodecs.3.4.3.dylib; sourceTree = "<group>"; };
		BFDCDD41218205E200E3BF7A /* libopencv_imgproc.3.4.3.dylib */ = {isa = PBXFileReference; lastKnownFileType = "compiled.mach-o.dylib"; name = libopencv_imgproc.3.4.3.dylib; path = ../../../../../../usr/local/lib/libopencv_imgproc.3.4.3.dylib; sourceTree = "<group>"; };
		BFDCDD42218205E200E3BF7A /* libopencv_core.3.4.3.dylib */ = {isa = PBXFileReference; lastKnownFileType = "compiled.mach-o.dylib"; name = libopencv_core.3.4.3.dylib; path = ../../../../../../usr/local/lib/libopencv_core.3.4.3.dylib; sourceTree = "<group>"; };
/* End PBXFileReference section */

/* Begin PBXFrameworksBuildPhase section */
		BFDCDD2F2181BDDD00E3BF7A /* Frameworks */ = {
			isa = PBXFrameworksBuildPhase;
			buildActionMask = 2147483647;
			files = (
				BFDCDD47218205E200E3BF7A /* libopencv_imgcodecs.3.4.3.dylib in Frameworks */,
				BFDCDD49218205E200E3BF7A /* libopencv_core.3.4.3.dylib in Frameworks */,
				BFDCDD48218205E200E3BF7A /* libopencv_imgproc.3.4.3.dylib in Frameworks */,
				BFDCDD43218205E200E3BF7A /* libopencv_highgui.3.4.3.dylib in Frameworks */,
				BFDCDD44218205E200E3BF7A /* libopencv_videoio.3.4.3.dylib in Frameworks */,
				BFDCDD45218205E200E3BF7A /* libopencv_video.3.4.3.dylib in Frameworks */,
				BFDCDD46218205E200E3BF7A /* libopencv_videostab.3.4.3.dylib in Frameworks */,
			);
			runOnlyForDeploymentPostprocessing = 0;
		};
/* End PBXFrameworksBuildPhase section */

/* Begin PBXGroup section */
		BFDCDD292181BDDD00E3BF7A = {
			isa = PBXGroup;
			children = (
				BFDCDD42218205E200E3BF7A /* libopencv_core.3.4.3.dylib */,
				BFDCDD3C218205E200E3BF7A /* libopencv_highgui.3.4.3.dylib */,
				BFDCDD40218205E200E3BF7A /* libopencv_imgcodecs.3.4.3.dylib */,
				BFDCDD41218205E200E3BF7A /* libopencv_imgproc.3.4.3.dylib */,
				BFDCDD3E218205E200E3BF7A /* libopencv_video.3.4.3.dylib */,
				BFDCDD3D218205E200E3BF7A /* libopencv_videoio.3.4.3.dylib */,
				BFDCDD3F218205E200E3BF7A /* libopencv_videostab.3.4.3.dylib */,
				BFDCDD342181BDDD00E3BF7A /* opencv11-3 */,
				BFDCDD332181BDDD00E3BF7A /* Products */,
			);
			sourceTree = "<group>";
		};
		BFDCDD332181BDDD00E3BF7A /* Products */ = {
			isa = PBXGroup;
			children = (
				BFDCDD322181BDDD00E3BF7A /* opencv11-3 */,
			);
			name = Products;
			sourceTree = "<group>";
		};
		BFDCDD342181BDDD00E3BF7A /* opencv11-3 */ = {
			isa = PBXGroup;
			children = (
				BFDCDD352181BDDD00E3BF7A /* main.cpp */,
			);
			path = "opencv11-3";
			sourceTree = "<group>";
		};
/* End PBXGroup section */

/* Begin PBXNativeTarget section */
		BFDCDD312181BDDD00E3BF7A /* opencv11-3 */ = {
			isa = PBXNativeTarget;
			buildConfigurationList = BFDCDD392181BDDD00E3BF7A /* Build configuration list for PBXNativeTarget "opencv11-3" */;
			buildPhases = (
				BFDCDD2E2181BDDD00E3BF7A /* Sources */,
				BFDCDD2F2181BDDD00E3BF7A /* Frameworks */,
				BFDCDD302181BDDD00E3BF7A /* CopyFiles */,
			);
			buildRules = (
			);
			dependencies = (
			);
			name = "opencv11-3";
			productName = "opencv11-3";
			productReference = BFDCDD322181BDDD00E3BF7A /* opencv11-3 */;
			productType = "com.apple.product-type.tool";
		};
/* End PBXNativeTarget section */

/* Begin PBXProject section */
		BFDCDD2A2181BDDD00E3BF7A /* Project object */ = {
			isa = PBXProject;
			attributes = {
				LastUpgradeCheck = 0940;
				ORGANIZATIONNAME = one;
				TargetAttributes = {
					BFDCDD312181BDDD00E3BF7A = {
						CreatedOnToolsVersion = 9.4.1;
					};
				};
			};
			buildConfigurationList = BFDCDD2D2181BDDD00E3BF7A /* Build configuration list for PBXProject "opencv11-3" */;
			compatibilityVersion = "Xcode 9.3";
			developmentRegion = en;
			hasScannedForEncodings = 0;
			knownRegions = (
				en,
			);
			mainGroup = BFDCDD292181BDDD00E3BF7A;
			productRefGroup = BFDCDD332181BDDD00E3BF7A /* Products */;
			projectDirPath = "";
			projectRoot = "";
			targets = (
				BFDCDD312181BDDD00E3BF7A /* opencv11-3 */,
			);
		};
/* End PBXProject section */

/* Begin PBXSourcesBuildPhase section */
		BFDCDD2E2181BDDD00E3BF7A /* Sources */ = {
			isa = PBXSourcesBuildPhase;
			buildActionMask = 2147483647;
			files = (
				BFDCDD362181BDDD00E3BF7A /* main.cpp in Sources */,
			);
			runOnlyForDeploymentPostprocessing = 0;
		};
/* End PBXSourcesBuildPhase section */

/* Begin XCBuildConfiguration section */
		BFDCDD372181BDDD00E3BF7A /* Debug */ = {
			isa = XCBuildConfiguration;
			buildSettings = {
				ALWAYS_SEARCH_USER_PATHS = NO;
				CLANG_ANALYZER_NONNULL = YES;
				CLANG_ANALYZER_NUMBER_OBJECT_CONVERSION = YES_AGGRESSIVE;
				CLANG_CXX_LANGUAGE_STANDARD = "gnu++14";
				CLANG_CXX_LIBRARY = "libc++";
				CLANG_ENABLE_MODULES = YES;
				CLANG_ENABLE_OBJC_ARC = YES;
				CLANG_ENABLE_OBJC_WEAK = YES;
				CLANG_WARN_BLOCK_CAPTURE_AUTORELEASING = YES;
				CLANG_WARN_BOOL_CONVERSION = YES;
				CLANG_WARN_COMMA = YES;
				CLANG_WARN_CONSTANT_CONVERSION = YES;
				CLANG_WARN_DEPRECATED_OBJC_IMPLEMENTATIONS = YES;
				CLANG_WARN_DIRECT_OBJC_ISA_USAGE = YES_ERROR;
				CLANG_WARN_DOCUMENTATION_COMMENTS = YES;
				CLANG_WARN_EMPTY_BODY = YES;
				CLANG_WARN_ENUM_CONVERSION = YES;
				CLANG_WARN_INFINITE_RECURSION = YES;
				CLANG_WARN_INT_CONVERSION = YES;
				CLANG_WARN_NON_LITERAL_NULL_CONVERSION = YES;
				CLANG_WARN_OBJC_IMPLICIT_RETAIN_SELF = YES;
				CLANG_WARN_OBJC_LITERAL_CONVERSION = YES;
				CLANG_WARN_OBJC_ROOT_CLASS = YES_ERROR;
				CLANG_WARN_RANGE_LOOP_ANALYSIS = YES;
				CLANG_WARN_STRICT_PROTOTYPES = YES;
				CLANG_WARN_SUSPICIOUS_MOVE = YES;
				CLANG_WARN_UNGUARDED_AVAILABILITY = YES_AGGRESSIVE;
				CLANG_WARN_UNREACHABLE_CODE = YES;
				CLANG_WARN__DUPLICATE_METHOD_MATCH = YES;
				CODE_SIGN_IDENTITY = "Mac Developer";
				COPY_PHASE_STRIP = NO;
				DEBUG_INFORMATION_FORMAT = dwarf;
				ENABLE_STRICT_OBJC_MSGSEND = YES;
				ENABLE_TESTABILITY = YES;
				GCC_C_LANGUAGE_STANDARD = gnu11;
				GCC_DYNAMIC_NO_PIC = NO;
				GCC_NO_COMMON_BLOCKS = YES;
				GCC_OPTIMIZATION_LEVEL = 0;
				GCC_PREPROCESSOR_DEFINITIONS = (
					"DEBUG=1",
					"$(inherited)",
				);
				GCC_WARN_64_TO_32_BIT_CONVERSION = YES;
				GCC_WARN_ABOUT_RETURN_TYPE = YES_ERROR;
				GCC_WARN_UNDECLARED_SELECTOR = YES;
				GCC_WARN_UNINITIALIZED_AUTOS = YES_AGGRESSIVE;
				GCC_WARN_UNUSED_FUNCTION = YES;
				GCC_WARN_UNUSED_VARIABLE = YES;
				MACOSX_DEPLOYMENT_TARGET = 10.13;
				MTL_ENABLE_DEBUG_INFO = YES;
				ONLY_ACTIVE_ARCH = YES;
				SDKROOT = macosx;
			};
			name = Debug;
		};
		BFDCDD382181BDDD00E3BF7A /* Release */ = {
			isa = XCBuildConfiguration;
			buildSettings = {
				ALWAYS_SEARCH_USER_PATHS = NO;
				CLANG_ANALYZER_NONNULL = YES;
				CLANG_ANALYZER_NUMBER_OBJECT_CONVERSION = YES_AGGRESSIVE;
				CLANG_CXX_LANGUAGE_STANDARD = "gnu++14";
				CLANG_CXX_LIBRARY = "libc++";
				CLANG_ENABLE_MODULES = YES;
				CLANG_ENABLE_OBJC_ARC = YES;
				CLANG_ENABLE_OBJC_WEAK = YES;
				CLANG_WARN_BLOCK_CAPTURE_AUTORELEASING = YES;
				CLANG_WARN_BOOL_CONVERSION = YES;
				CLANG_WARN_COMMA = YES;
				CLANG_WARN_CONSTANT_CONVERSION = YES;
				CLANG_WARN_DEPRECATED_OBJC_IMPLEMENTATIONS = YES;
				CLANG_WARN_DIRECT_OBJC_ISA_USAGE = YES_ERROR;
				CLANG_WARN_DOCUMENTATION_COMMENTS = YES;
				CLANG_WARN_EMPTY_BODY = YES;
				CLANG_WARN_ENUM_CONVERSION = YES;
				CLANG_WARN_INFINITE_RECURSION = YES;
				CLANG_WARN_INT_CONVERSION = YES;
				CLANG_WARN_NON_LITERAL_NULL_CONVERSION = YES;
				CLANG_WARN_OBJC_IMPLICIT_RETAIN_SELF = YES;
				CLANG_WARN_OBJC_LITERAL_CONVERSION = YES;
				CLANG_WARN_OBJC_ROOT_CLASS = YES_ERROR;
				CLANG_WARN_RANGE_LOOP_ANALYSIS = YES;
				CLANG_WARN_STRICT_PROTOTYPES = YES;
				CLANG_WARN_SUSPICIOUS_MOVE = YES;
				CLANG_WARN_UNGUARDED_AVAILABILITY = YES_AGGRESSIVE;
				CLANG_WARN_UNREACHABLE_CODE = YES;
				CLANG_WARN__DUPLICATE_METHOD_MATCH = YES;
				CODE_SIGN_IDENTITY = "Mac Developer";
				COPY_PHASE_STRIP = NO;
				DEBUG_INFORMATION_FORMAT = "dwarf-with-dsym";
				ENABLE_NS_ASSERTIONS = NO;
				ENABLE_STRICT_OBJC_MSGSEND = YES;
				GCC_C_LANGUAGE_STANDARD = gnu11;
				GCC_NO_COMMON_BLOCKS = YES;
				GCC_WARN_64_TO_32_BIT_CONVERSION = YES;
				GCC_WARN_ABOUT_RETURN_TYPE = YES_ERROR;
				GCC_WARN_UNDECLARED_SELECTOR = YES;
				GCC_WARN_UNINITIALIZED_AUTOS = YES_AGGRESSIVE;
				GCC_WARN_UNUSED_FUNCTION = YES;
				GCC_WARN_UNUSED_VARIABLE = YES;
				MACOSX_DEPLOYMENT_TARGET = 10.13;
				MTL_ENABLE_DEBUG_INFO = NO;
				SDKROOT = macosx;
			};
			name = Release;
		};
		BFDCDD3A2181BDDD00E3BF7A /* Debug */ = {
			isa = XCBuildConfiguration;
			buildSettings = {
				CODE_SIGN_STYLE = Automatic;
				DEVELOPMENT_TEAM = SQ778Z76FT;
				HEADER_SEARCH_PATHS = (
					/usr/local/include/opencv,
					/usr/local/include/opencv2,
					/usr/local/include,
				);
				LIBRARY_SEARCH_PATHS = /usr/local/lib;
				PRODUCT_NAME = "$(TARGET_NAME)";
			};
			name = Debug;
		};
		BFDCDD3B2181BDDD00E3BF7A /* Release */ = {
			isa = XCBuildConfiguration;
			buildSettings = {
				CODE_SIGN_STYLE = Automatic;
				DEVELOPMENT_TEAM = SQ778Z76FT;
				HEADER_SEARCH_PATHS = (
					/usr/local/include/opencv,
					/usr/local/include/opencv2,
					/usr/local/include,
				);
				LIBRARY_SEARCH_PATHS = /usr/local/lib;
				PRODUCT_NAME = "$(TARGET_NAME)";
			};
			name = Release;
		};
/* End XCBuildConfiguration section */

/* Begin XCConfigurationList section */
		BFDCDD2D2181BDDD00E3BF7A /* Build configuration list for PBXProject "opencv11-3" */ = {
			isa = XCConfigurationList;
			buildConfigurations = (
				BFDCDD372181BDDD00E3BF7A /* Debug */,
				BFDCDD382181BDDD00E3BF7A /* Release */,
			);
			defaultConfigurationIsVisible = 0;
			defaultConfigurationName = Release;
		};
		BFDCDD392181BDDD00E3BF7A /* Build configuration list for PBXNativeTarget "opencv11-3" */ = {
			isa = XCConfigurationList;
			buildConfigurations = (
				BFDCDD3A2181BDDD00E3BF7A /* Debug */,
				BFDCDD3B2181BDDD00E3BF7A /* Release */,
			);
			defaultConfigurationIsVisible = 0;
			defaultConfigurationName = Release;
		};
/* End XCConfigurationList section */
	};
	rootObject = BFDCDD2A2181BDDD00E3BF7A /* Project object */;
}
