// !$*UTF8*$!
{
	archiveVersion = 1;
	classes = {
	};
	objectVersion = 50;
	objects = {

/* Begin PBXBuildFile section */
		BFDCDD1521803FE700E3BF7A /* main.cpp in Sources */ = {isa = PBXBuildFile; fileRef = BFDCDD1421803FE700E3BF7A /* main.cpp */; };
		BFDCDD202181BC8900E3BF7A /* libopencv_imgcodecs.3.4.3.dylib in Frameworks */ = {isa = PBXBuildFile; fileRef = BFDCDD1B2181BC8800E3BF7A /* libopencv_imgcodecs.3.4.3.dylib */; };
		BFDCDD212181BC8900E3BF7A /* libopencv_highgui.3.4.3.dylib in Frameworks */ = {isa = PBXBuildFile; fileRef = BFDCDD1C2181BC8900E3BF7A /* libopencv_highgui.3.4.3.dylib */; };
		BFDCDD222181BC8900E3BF7A /* libopencv_core.3.4.3.dylib in Frameworks */ = {isa = PBXBuildFile; fileRef = BFDCDD1D2181BC8900E3BF7A /* libopencv_core.3.4.3.dylib */; };
		BFDCDD232181BC8900E3BF7A /* libopencv_imgproc.3.4.3.dylib in Frameworks */ = {isa = PBXBuildFile; fileRef = BFDCDD1E2181BC8900E3BF7A /* libopencv_imgproc.3.4.3.dylib */; };
		BFDCDD242181BC8900E3BF7A /* libopencv_video.3.4.3.dylib in Frameworks */ = {isa = PBXBuildFile; fileRef = BFDCDD1F2181BC8900E3BF7A /* libopencv_video.3.4.3.dylib */; };
		BFDCDD272181BCEF00E3BF7A /* libopencv_videostab.3.4.3.dylib in Frameworks */ = {isa = PBXBuildFile; fileRef = BFDCDD252181BCEF00E3BF7A /* libopencv_videostab.3.4.3.dylib */; };
		BFDCDD282181BCEF00E3BF7A /* libopencv_videoio.3.4.3.dylib in Frameworks */ = {isa = PBXBuildFile; fileRef = BFDCDD262181BCEF00E3BF7A /* libopencv_videoio.3.4.3.dylib */; };
/* End PBXBuildFile section */

/* Begin PBXCopyFilesBuildPhase section */
		BFDCDD0F21803FE700E3BF7A /* CopyFiles */ = {
			isa = PBXCopyFilesBuildPhase;
			buildActionMask = 2147483647;
			dstPath = /usr/share/man/man1/;
			dstSubfolderSpec = 0;
			files = (
			);
			runOnlyForDeploymentPostprocessing = 1;
		};
/* End PBXCopyFilesBuildPhase section */

/* Begin PBXFileReference section */
		BFDCDD1121803FE700E3BF7A /* opencv11-2 */ = {isa = PBXFileReference; explicitFileType = "compiled.mach-o.executable"; includeInIndex = 0; path = "opencv11-2"; sourceTree = BUILT_PRODUCTS_DIR; };
		BFDCDD1421803FE700E3BF7A /* main.cpp */ = {isa = PBXFileReference; lastKnownFileType = sourcecode.cpp.cpp; path = main.cpp; sourceTree = "<group>"; };
		BFDCDD1B2181BC8800E3BF7A /* libopencv_imgcodecs.3.4.3.dylib */ = {isa = PBXFileReference; lastKnownFileType = "compiled.mach-o.dylib"; name = libopencv_imgcodecs.3.4.3.dylib; path = ../../../../../../usr/local/lib/libopencv_imgcodecs.3.4.3.dylib; sourceTree = "<group>"; };
		BFDCDD1C2181BC8900E3BF7A /* libopencv_highgui.3.4.3.dylib */ = {isa = PBXFileReference; lastKnownFileType = "compiled.mach-o.dylib"; name = libopencv_highgui.3.4.3.dylib; path = ../../../../../../usr/local/lib/libopencv_highgui.3.4.3.dylib; sourceTree = "<group>"; };
		BFDCDD1D2181BC8900E3BF7A /* libopencv_core.3.4.3.dylib */ = {isa = PBXFileReference; lastKnownFileType = "compiled.mach-o.dylib"; name = libopencv_core.3.4.3.dylib; path = ../../../../../../usr/local/lib/libopencv_core.3.4.3.dylib; sourceTree = "<group>"; };
		BFDCDD1E2181BC8900E3BF7A /* libopencv_imgproc.3.4.3.dylib */ = {isa = PBXFileReference; lastKnownFileType = "compiled.mach-o.dylib"; name = libopencv_imgproc.3.4.3.dylib; path = ../../../../../../usr/local/lib/libopencv_imgproc.3.4.3.dylib; sourceTree = "<group>"; };
		BFDCDD1F2181BC8900E3BF7A /* libopencv_video.3.4.3.dylib */ = {isa = PBXFileReference; lastKnownFileType = "compiled.mach-o.dylib"; name = libopencv_video.3.4.3.dylib; path = ../../../../../../usr/local/lib/libopencv_video.3.4.3.dylib; sourceTree = "<group>"; };
		BFDCDD252181BCEF00E3BF7A /* libopencv_videostab.3.4.3.dylib */ = {isa = PBXFileReference; lastKnownFileType = "compiled.mach-o.dylib"; name = libopencv_videostab.3.4.3.dylib; path = ../../../../../../usr/local/lib/libopencv_videostab.3.4.3.dylib; sourceTree = "<group>"; };
		BFDCDD262181BCEF00E3BF7A /* libopencv_videoio.3.4.3.dylib */ = {isa = PBXFileReference; lastKnownFileType = "compiled.mach-o.dylib"; name = libopencv_videoio.3.4.3.dylib; path = ../../../../../../usr/local/lib/libopencv_videoio.3.4.3.dylib; sourceTree = "<group>"; };
/* End PBXFileReference section */

/* Begin PBXFrameworksBuildPhase section */
		BFDCDD0E21803FE700E3BF7A /* Frameworks */ = {
			isa = PBXFrameworksBuildPhase;
			buildActionMask = 2147483647;
			files = (
				BFDCDD222181BC8900E3BF7A /* libopencv_core.3.4.3.dylib in Frameworks */,
				BFDCDD272181BCEF00E3BF7A /* libopencv_videostab.3.4.3.dylib in Frameworks */,
				BFDCDD232181BC8900E3BF7A /* libopencv_imgproc.3.4.3.dylib in Frameworks */,
				BFDCDD242181BC8900E3BF7A /* libopencv_video.3.4.3.dylib in Frameworks */,
				BFDCDD282181BCEF00E3BF7A /* libopencv_videoio.3.4.3.dylib in Frameworks */,
				BFDCDD202181BC8900E3BF7A /* libopencv_imgcodecs.3.4.3.dylib in Frameworks */,
				BFDCDD212181BC8900E3BF7A /* libopencv_highgui.3.4.3.dylib in Frameworks */,
			);
			runOnlyForDeploymentPostprocessing = 0;
		};
/* End PBXFrameworksBuildPhase section */

/* Begin PBXGroup section */
		BFDCDD0821803FE700E3BF7A = {
			isa = PBXGroup;
			children = (
				BFDCDD262181BCEF00E3BF7A /* libopencv_videoio.3.4.3.dylib */,
				BFDCDD252181BCEF00E3BF7A /* libopencv_videostab.3.4.3.dylib */,
				BFDCDD1D2181BC8900E3BF7A /* libopencv_core.3.4.3.dylib */,
				BFDCDD1C2181BC8900E3BF7A /* libopencv_highgui.3.4.3.dylib */,
				BFDCDD1B2181BC8800E3BF7A /* libopencv_imgcodecs.3.4.3.dylib */,
				BFDCDD1E2181BC8900E3BF7A /* libopencv_imgproc.3.4.3.dylib */,
				BFDCDD1F2181BC8900E3BF7A /* libopencv_video.3.4.3.dylib */,
				BFDCDD1321803FE700E3BF7A /* opencv11-2 */,
				BFDCDD1221803FE700E3BF7A /* Products */,
			);
			sourceTree = "<group>";
		};
		BFDCDD1221803FE700E3BF7A /* Products */ = {
			isa = PBXGroup;
			children = (
				BFDCDD1121803FE700E3BF7A /* opencv11-2 */,
			);
			name = Products;
			sourceTree = "<group>";
		};
		BFDCDD1321803FE700E3BF7A /* opencv11-2 */ = {
			isa = PBXGroup;
			children = (
				BFDCDD1421803FE700E3BF7A /* main.cpp */,
			);
			path = "opencv11-2";
			sourceTree = "<group>";
		};
/* End PBXGroup section */

/* Begin PBXNativeTarget section */
		BFDCDD1021803FE700E3BF7A /* opencv11-2 */ = {
			isa = PBXNativeTarget;
			buildConfigurationList = BFDCDD1821803FE700E3BF7A /* Build configuration list for PBXNativeTarget "opencv11-2" */;
			buildPhases = (
				BFDCDD0D21803FE700E3BF7A /* Sources */,
				BFDCDD0E21803FE700E3BF7A /* Frameworks */,
				BFDCDD0F21803FE700E3BF7A /* CopyFiles */,
			);
			buildRules = (
			);
			dependencies = (
			);
			name = "opencv11-2";
			productName = "opencv11-2";
			productReference = BFDCDD1121803FE700E3BF7A /* opencv11-2 */;
			productType = "com.apple.product-type.tool";
		};
/* End PBXNativeTarget section */

/* Begin PBXProject section */
		BFDCDD0921803FE700E3BF7A /* Project object */ = {
			isa = PBXProject;
			attributes = {
				LastUpgradeCheck = 0940;
				ORGANIZATIONNAME = one;
				TargetAttributes = {
					BFDCDD1021803FE700E3BF7A = {
						CreatedOnToolsVersion = 9.4.1;
					};
				};
			};
			buildConfigurationList = BFDCDD0C21803FE700E3BF7A /* Build configuration list for PBXProject "opencv11-2" */;
			compatibilityVersion = "Xcode 9.3";
			developmentRegion = en;
			hasScannedForEncodings = 0;
			knownRegions = (
				en,
			);
			mainGroup = BFDCDD0821803FE700E3BF7A;
			productRefGroup = BFDCDD1221803FE700E3BF7A /* Products */;
			projectDirPath = "";
			projectRoot = "";
			targets = (
				BFDCDD1021803FE700E3BF7A /* opencv11-2 */,
			);
		};
/* End PBXProject section */

/* Begin PBXSourcesBuildPhase section */
		BFDCDD0D21803FE700E3BF7A /* Sources */ = {
			isa = PBXSourcesBuildPhase;
			buildActionMask = 2147483647;
			files = (
				BFDCDD1521803FE700E3BF7A /* main.cpp in Sources */,
			);
			runOnlyForDeploymentPostprocessing = 0;
		};
/* End PBXSourcesBuildPhase section */

/* Begin XCBuildConfiguration section */
		BFDCDD1621803FE700E3BF7A /* Debug */ = {
			isa = XCBuildConfiguration;
			buildSettings = {
				ALWAYS_SEARCH_USER_PATHS = NO;
				CLANG_ANALYZER_NONNULL = YES;
				CLANG_ANALYZER_NUMBER_OBJECT_CONVERSION = YES_AGGRESSIVE;
				CLANG_CXX_LANGUAGE_STANDARD = "gnu++14";
				CLANG_CXX_LIBRARY = "libc++";
				CLANG_ENABLE_MODULES = YES;
				CLANG_ENABLE_OBJC_ARC = YES;
				CLANG_ENABLE_OBJC_WEAK = YES;
				CLANG_WARN_BLOCK_CAPTURE_AUTORELEASING = YES;
				CLANG_WARN_BOOL_CONVERSION = YES;
				CLANG_WARN_COMMA = YES;
				CLANG_WARN_CONSTANT_CONVERSION = YES;
				CLANG_WARN_DEPRECATED_OBJC_IMPLEMENTATIONS = YES;
				CLANG_WARN_DIRECT_OBJC_ISA_USAGE = YES_ERROR;
				CLANG_WARN_DOCUMENTATION_COMMENTS = YES;
				CLANG_WARN_EMPTY_BODY = YES;
				CLANG_WARN_ENUM_CONVERSION = YES;
				CLANG_WARN_INFINITE_RECURSION = YES;
				CLANG_WARN_INT_CONVERSION = YES;
				CLANG_WARN_NON_LITERAL_NULL_CONVERSION = YES;
				CLANG_WARN_OBJC_IMPLICIT_RETAIN_SELF = YES;
				CLANG_WARN_OBJC_LITERAL_CONVERSION = YES;
				CLANG_WARN_OBJC_ROOT_CLASS = YES_ERROR;
				CLANG_WARN_RANGE_LOOP_ANALYSIS = YES;
				CLANG_WARN_STRICT_PROTOTYPES = YES;
				CLANG_WARN_SUSPICIOUS_MOVE = YES;
				CLANG_WARN_UNGUARDED_AVAILABILITY = YES_AGGRESSIVE;
				CLANG_WARN_UNREACHABLE_CODE = YES;
				CLANG_WARN__DUPLICATE_METHOD_MATCH = YES;
				CODE_SIGN_IDENTITY = "Mac Developer";
				COPY_PHASE_STRIP = NO;
				DEBUG_INFORMATION_FORMAT = dwarf;
				ENABLE_STRICT_OBJC_MSGSEND = YES;
				ENABLE_TESTABILITY = YES;
				GCC_C_LANGUAGE_STANDARD = gnu11;
				GCC_DYNAMIC_NO_PIC = NO;
				GCC_NO_COMMON_BLOCKS = YES;
				GCC_OPTIMIZATION_LEVEL = 0;
				GCC_PREPROCESSOR_DEFINITIONS = (
					"DEBUG=1",
					"$(inherited)",
				);
				GCC_WARN_64_TO_32_BIT_CONVERSION = YES;
				GCC_WARN_ABOUT_RETURN_TYPE = YES_ERROR;
				GCC_WARN_UNDECLARED_SELECTOR = YES;
				GCC_WARN_UNINITIALIZED_AUTOS = YES_AGGRESSIVE;
				GCC_WARN_UNUSED_FUNCTION = YES;
				GCC_WARN_UNUSED_VARIABLE = YES;
				MACOSX_DEPLOYMENT_TARGET = 10.13;
				MTL_ENABLE_DEBUG_INFO = YES;
				ONLY_ACTIVE_ARCH = YES;
				SDKROOT = macosx;
			};
			name = Debug;
		};
		BFDCDD1721803FE700E3BF7A /* Release */ = {
			isa = XCBuildConfiguration;
			buildSettings = {
				ALWAYS_SEARCH_USER_PATHS = NO;
				CLANG_ANALYZER_NONNULL = YES;
				CLANG_ANALYZER_NUMBER_OBJECT_CONVERSION = YES_AGGRESSIVE;
				CLANG_CXX_LANGUAGE_STANDARD = "gnu++14";
				CLANG_CXX_LIBRARY = "libc++";
				CLANG_ENABLE_MODULES = YES;
				CLANG_ENABLE_OBJC_ARC = YES;
				CLANG_ENABLE_OBJC_WEAK = YES;
				CLANG_WARN_BLOCK_CAPTURE_AUTORELEASING = YES;
				CLANG_WARN_BOOL_CONVERSION = YES;
				CLANG_WARN_COMMA = YES;
				CLANG_WARN_CONSTANT_CONVERSION = YES;
				CLANG_WARN_DEPRECATED_OBJC_IMPLEMENTATIONS = YES;
				CLANG_WARN_DIRECT_OBJC_ISA_USAGE = YES_ERROR;
				CLANG_WARN_DOCUMENTATION_COMMENTS = YES;
				CLANG_WARN_EMPTY_BODY = YES;
				CLANG_WARN_ENUM_CONVERSION = YES;
				CLANG_WARN_INFINITE_RECURSION = YES;
				CLANG_WARN_INT_CONVERSION = YES;
				CLANG_WARN_NON_LITERAL_NULL_CONVERSION = YES;
				CLANG_WARN_OBJC_IMPLICIT_RETAIN_SELF = YES;
				CLANG_WARN_OBJC_LITERAL_CONVERSION = YES;
				CLANG_WARN_OBJC_ROOT_CLASS = YES_ERROR;
				CLANG_WARN_RANGE_LOOP_ANALYSIS = YES;
				CLANG_WARN_STRICT_PROTOTYPES = YES;
				CLANG_WARN_SUSPICIOUS_MOVE = YES;
				CLANG_WARN_UNGUARDED_AVAILABILITY = YES_AGGRESSIVE;
				CLANG_WARN_UNREACHABLE_CODE = YES;
				CLANG_WARN__DUPLICATE_METHOD_MATCH = YES;
				CODE_SIGN_IDENTITY = "Mac Developer";
				COPY_PHASE_STRIP = NO;
				DEBUG_INFORMATION_FORMAT = "dwarf-with-dsym";
				ENABLE_NS_ASSERTIONS = NO;
				ENABLE_STRICT_OBJC_MSGSEND = YES;
				GCC_C_LANGUAGE_STANDARD = gnu11;
				GCC_NO_COMMON_BLOCKS = YES;
				GCC_WARN_64_TO_32_BIT_CONVERSION = YES;
				GCC_WARN_ABOUT_RETURN_TYPE = YES_ERROR;
				GCC_WARN_UNDECLARED_SELECTOR = YES;
				GCC_WARN_UNINITIALIZED_AUTOS = YES_AGGRESSIVE;
				GCC_WARN_UNUSED_FUNCTION = YES;
				GCC_WARN_UNUSED_VARIABLE = YES;
				MACOSX_DEPLOYMENT_TARGET = 10.13;
				MTL_ENABLE_DEBUG_INFO = NO;
				SDKROOT = macosx;
			};
			name = Release;
		};
		BFDCDD1921803FE700E3BF7A /* Debug */ = {
			isa = XCBuildConfiguration;
			buildSettings = {
				CODE_SIGN_STYLE = Automatic;
				DEVELOPMENT_TEAM = SQ778Z76FT;
				HEADER_SEARCH_PATHS = (
					/usr/local/include/opencv,
					/usr/local/include/opencv2,
					/usr/local/include,
				);
				LIBRARY_SEARCH_PATHS = /usr/local/lib;
				PRODUCT_NAME = "$(TARGET_NAME)";
			};
			name = Debug;
		};
		BFDCDD1A21803FE700E3BF7A /* Release */ = {
			isa = XCBuildConfiguration;
			buildSettings = {
				CODE_SIGN_STYLE = Automatic;
				DEVELOPMENT_TEAM = SQ778Z76FT;
				HEADER_SEARCH_PATHS = (
					/usr/local/include/opencv,
					/usr/local/include/opencv2,
					/usr/local/include,
				);
				LIBRARY_SEARCH_PATHS = /usr/local/lib;
				PRODUCT_NAME = "$(TARGET_NAME)";
			};
			name = Release;
		};
/* End XCBuildConfiguration section */

/* Begin XCConfigurationList section */
		BFDCDD0C21803FE700E3BF7A /* Build configuration list for PBXProject "opencv11-2" */ = {
			isa = XCConfigurationList;
			buildConfigurations = (
				BFDCDD1621803FE700E3BF7A /* Debug */,
				BFDCDD1721803FE700E3BF7A /* Release */,
			);
			defaultConfigurationIsVisible = 0;
			defaultConfigurationName = Release;
		};
		BFDCDD1821803FE700E3BF7A /* Build configuration list for PBXNativeTarget "opencv11-2" */ = {
			isa = XCConfigurationList;
			buildConfigurations = (
				BFDCDD1921803FE700E3BF7A /* Debug */,
				BFDCDD1A21803FE700E3BF7A /* Release */,
			);
			defaultConfigurationIsVisible = 0;
			defaultConfigurationName = Release;
		};
/* End XCConfigurationList section */
	};
	rootObject = BFDCDD0921803FE700E3BF7A /* Project object */;
}
