// !$*UTF8*$!
{
	archiveVersion = 1;
	classes = {
	};
	objectVersion = 50;
	objects = {

/* Begin PBXBuildFile section */
		BFDCDBB4217EA19300E3BF7A /* main.cpp in Sources */ = {isa = PBXBuildFile; fileRef = BFDCDBB3217EA19300E3BF7A /* main.cpp */; };
		BFDCDBBD217EA25100E3BF7A /* libopencv_imgcodecs.3.4.3.dylib in Frameworks */ = {isa = PBXBuildFile; fileRef = BFDCDBBA217EA25000E3BF7A /* libopencv_imgcodecs.3.4.3.dylib */; };
		BFDCDBBE217EA25100E3BF7A /* libopencv_highgui.3.4.3.dylib in Frameworks */ = {isa = PBXBuildFile; fileRef = BFDCDBBB217EA25000E3BF7A /* libopencv_highgui.3.4.3.dylib */; };
		BFDCDBBF217EA25100E3BF7A /* libopencv_imgproc.3.4.3.dylib in Frameworks */ = {isa = PBXBuildFile; fileRef = BFDCDBBC217EA25000E3BF7A /* libopencv_imgproc.3.4.3.dylib */; };
		BFDCDBC1217EA2AD00E3BF7A /* libopencv_core.3.4.3.dylib in Frameworks */ = {isa = PBXBuildFile; fileRef = BFDCDBC0217EA2AD00E3BF7A /* libopencv_core.3.4.3.dylib */; };
/* End PBXBuildFile section */

/* Begin PBXCopyFilesBuildPhase section */
		BFDCDBAE217EA19300E3BF7A /* CopyFiles */ = {
			isa = PBXCopyFilesBuildPhase;
			buildActionMask = 2147483647;
			dstPath = /usr/share/man/man1/;
			dstSubfolderSpec = 0;
			files = (
			);
			runOnlyForDeploymentPostprocessing = 1;
		};
/* End PBXCopyFilesBuildPhase section */

/* Begin PBXFileReference section */
		BFDCDBB0217EA19300E3BF7A /* OpenCV4-2 */ = {isa = PBXFileReference; explicitFileType = "compiled.mach-o.executable"; includeInIndex = 0; path = "OpenCV4-2"; sourceTree = BUILT_PRODUCTS_DIR; };
		BFDCDBB3217EA19300E3BF7A /* main.cpp */ = {isa = PBXFileReference; lastKnownFileType = sourcecode.cpp.cpp; path = main.cpp; sourceTree = "<group>"; };
		BFDCDBBA217EA25000E3BF7A /* libopencv_imgcodecs.3.4.3.dylib */ = {isa = PBXFileReference; lastKnownFileType = "compiled.mach-o.dylib"; name = libopencv_imgcodecs.3.4.3.dylib; path = ../../../../../../usr/local/lib/libopencv_imgcodecs.3.4.3.dylib; sourceTree = "<group>"; };
		BFDCDBBB217EA25000E3BF7A /* libopencv_highgui.3.4.3.dylib */ = {isa = PBXFileReference; lastKnownFileType = "compiled.mach-o.dylib"; name = libopencv_highgui.3.4.3.dylib; path = ../../../../../../usr/local/lib/libopencv_highgui.3.4.3.dylib; sourceTree = "<group>"; };
		BFDCDBBC217EA25000E3BF7A /* libopencv_imgproc.3.4.3.dylib */ = {isa = PBXFileReference; lastKnownFileType = "compiled.mach-o.dylib"; name = libopencv_imgproc.3.4.3.dylib; path = ../../../../../../usr/local/lib/libopencv_imgproc.3.4.3.dylib; sourceTree = "<group>"; };
		BFDCDBC0217EA2AD00E3BF7A /* libopencv_core.3.4.3.dylib */ = {isa = PBXFileReference; lastKnownFileType = "compiled.mach-o.dylib"; name = libopencv_core.3.4.3.dylib; path = ../../../../../../usr/local/lib/libopencv_core.3.4.3.dylib; sourceTree = "<group>"; };
/* End PBXFileReference section */

/* Begin PBXFrameworksBuildPhase section */
		BFDCDBAD217EA19300E3BF7A /* Frameworks */ = {
			isa = PBXFrameworksBuildPhase;
			buildActionMask = 2147483647;
			files = (
				BFDCDBBD217EA25100E3BF7A /* libopencv_imgcodecs.3.4.3.dylib in Frameworks */,
				BFDCDBBF217EA25100E3BF7A /* libopencv_imgproc.3.4.3.dylib in Frameworks */,
				BFDCDBC1217EA2AD00E3BF7A /* libopencv_core.3.4.3.dylib in Frameworks */,
				BFDCDBBE217EA25100E3BF7A /* libopencv_highgui.3.4.3.dylib in Frameworks */,
			);
			runOnlyForDeploymentPostprocessing = 0;
		};
/* End PBXFrameworksBuildPhase section */

/* Begin PBXGroup section */
		BFDCDBA7217EA19300E3BF7A = {
			isa = PBXGroup;
			children = (
				BFDCDBC0217EA2AD00E3BF7A /* libopencv_core.3.4.3.dylib */,
				BFDCDBBB217EA25000E3BF7A /* libopencv_highgui.3.4.3.dylib */,
				BFDCDBBA217EA25000E3BF7A /* libopencv_imgcodecs.3.4.3.dylib */,
				BFDCDBBC217EA25000E3BF7A /* libopencv_imgproc.3.4.3.dylib */,
				BFDCDBB2217EA19300E3BF7A /* OpenCV4-2 */,
				BFDCDBB1217EA19300E3BF7A /* Products */,
			);
			sourceTree = "<group>";
		};
		BFDCDBB1217EA19300E3BF7A /* Products */ = {
			isa = PBXGroup;
			children = (
				BFDCDBB0217EA19300E3BF7A /* OpenCV4-2 */,
			);
			name = Products;
			sourceTree = "<group>";
		};
		BFDCDBB2217EA19300E3BF7A /* OpenCV4-2 */ = {
			isa = PBXGroup;
			children = (
				BFDCDBB3217EA19300E3BF7A /* main.cpp */,
			);
			path = "OpenCV4-2";
			sourceTree = "<group>";
		};
/* End PBXGroup section */

/* Begin PBXNativeTarget section */
		BFDCDBAF217EA19300E3BF7A /* OpenCV4-2 */ = {
			isa = PBXNativeTarget;
			buildConfigurationList = BFDCDBB7217EA19300E3BF7A /* Build configuration list for PBXNativeTarget "OpenCV4-2" */;
			buildPhases = (
				BFDCDBAC217EA19300E3BF7A /* Sources */,
				BFDCDBAD217EA19300E3BF7A /* Frameworks */,
				BFDCDBAE217EA19300E3BF7A /* CopyFiles */,
			);
			buildRules = (
			);
			dependencies = (
			);
			name = "OpenCV4-2";
			productName = "OpenCV4-2";
			productReference = BFDCDBB0217EA19300E3BF7A /* OpenCV4-2 */;
			productType = "com.apple.product-type.tool";
		};
/* End PBXNativeTarget section */

/* Begin PBXProject section */
		BFDCDBA8217EA19300E3BF7A /* Project object */ = {
			isa = PBXProject;
			attributes = {
				LastUpgradeCheck = 0940;
				ORGANIZATIONNAME = one;
				TargetAttributes = {
					BFDCDBAF217EA19300E3BF7A = {
						CreatedOnToolsVersion = 9.4.1;
					};
				};
			};
			buildConfigurationList = BFDCDBAB217EA19300E3BF7A /* Build configuration list for PBXProject "OpenCV4-2" */;
			compatibilityVersion = "Xcode 9.3";
			developmentRegion = en;
			hasScannedForEncodings = 0;
			knownRegions = (
				en,
			);
			mainGroup = BFDCDBA7217EA19300E3BF7A;
			productRefGroup = BFDCDBB1217EA19300E3BF7A /* Products */;
			projectDirPath = "";
			projectRoot = "";
			targets = (
				BFDCDBAF217EA19300E3BF7A /* OpenCV4-2 */,
			);
		};
/* End PBXProject section */

/* Begin PBXSourcesBuildPhase section */
		BFDCDBAC217EA19300E3BF7A /* Sources */ = {
			isa = PBXSourcesBuildPhase;
			buildActionMask = 2147483647;
			files = (
				BFDCDBB4217EA19300E3BF7A /* main.cpp in Sources */,
			);
			runOnlyForDeploymentPostprocessing = 0;
		};
/* End PBXSourcesBuildPhase section */

/* Begin XCBuildConfiguration section */
		BFDCDBB5217EA19300E3BF7A /* Debug */ = {
			isa = XCBuildConfiguration;
			buildSettings = {
				ALWAYS_SEARCH_USER_PATHS = NO;
				CLANG_ANALYZER_NONNULL = YES;
				CLANG_ANALYZER_NUMBER_OBJECT_CONVERSION = YES_AGGRESSIVE;
				CLANG_CXX_LANGUAGE_STANDARD = "gnu++14";
				CLANG_CXX_LIBRARY = "libc++";
				CLANG_ENABLE_MODULES = YES;
				CLANG_ENABLE_OBJC_ARC = YES;
				CLANG_ENABLE_OBJC_WEAK = YES;
				CLANG_WARN_BLOCK_CAPTURE_AUTORELEASING = YES;
				CLANG_WARN_BOOL_CONVERSION = YES;
				CLANG_WARN_COMMA = YES;
				CLANG_WARN_CONSTANT_CONVERSION = YES;
				CLANG_WARN_DEPRECATED_OBJC_IMPLEMENTATIONS = YES;
				CLANG_WARN_DIRECT_OBJC_ISA_USAGE = YES_ERROR;
				CLANG_WARN_DOCUMENTATION_COMMENTS = YES;
				CLANG_WARN_EMPTY_BODY = YES;
				CLANG_WARN_ENUM_CONVERSION = YES;
				CLANG_WARN_INFINITE_RECURSION = YES;
				CLANG_WARN_INT_CONVERSION = YES;
				CLANG_WARN_NON_LITERAL_NULL_CONVERSION = YES;
				CLANG_WARN_OBJC_IMPLICIT_RETAIN_SELF = YES;
				CLANG_WARN_OBJC_LITERAL_CONVERSION = YES;
				CLANG_WARN_OBJC_ROOT_CLASS = YES_ERROR;
				CLANG_WARN_RANGE_LOOP_ANALYSIS = YES;
				CLANG_WARN_STRICT_PROTOTYPES = YES;
				CLANG_WARN_SUSPICIOUS_MOVE = YES;
				CLANG_WARN_UNGUARDED_AVAILABILITY = YES_AGGRESSIVE;
				CLANG_WARN_UNREACHABLE_CODE = YES;
				CLANG_WARN__DUPLICATE_METHOD_MATCH = YES;
				CODE_SIGN_IDENTITY = "Mac Developer";
				COPY_PHASE_STRIP = NO;
				DEBUG_INFORMATION_FORMAT = dwarf;
				ENABLE_STRICT_OBJC_MSGSEND = YES;
				ENABLE_TESTABILITY = YES;
				GCC_C_LANGUAGE_STANDARD = gnu11;
				GCC_DYNAMIC_NO_PIC = NO;
				GCC_NO_COMMON_BLOCKS = YES;
				GCC_OPTIMIZATION_LEVEL = 0;
				GCC_PREPROCESSOR_DEFINITIONS = (
					"DEBUG=1",
					"$(inherited)",
				);
				GCC_WARN_64_TO_32_BIT_CONVERSION = YES;
				GCC_WARN_ABOUT_RETURN_TYPE = YES_ERROR;
				GCC_WARN_UNDECLARED_SELECTOR = YES;
				GCC_WARN_UNINITIALIZED_AUTOS = YES_AGGRESSIVE;
				GCC_WARN_UNUSED_FUNCTION = YES;
				GCC_WARN_UNUSED_VARIABLE = YES;
				MACOSX_DEPLOYMENT_TARGET = 10.13;
				MTL_ENABLE_DEBUG_INFO = YES;
				ONLY_ACTIVE_ARCH = YES;
				SDKROOT = macosx;
			};
			name = Debug;
		};
		BFDCDBB6217EA19300E3BF7A /* Release */ = {
			isa = XCBuildConfiguration;
			buildSettings = {
				ALWAYS_SEARCH_USER_PATHS = NO;
				CLANG_ANALYZER_NONNULL = YES;
				CLANG_ANALYZER_NUMBER_OBJECT_CONVERSION = YES_AGGRESSIVE;
				CLANG_CXX_LANGUAGE_STANDARD = "gnu++14";
				CLANG_CXX_LIBRARY = "libc++";
				CLANG_ENABLE_MODULES = YES;
				CLANG_ENABLE_OBJC_ARC = YES;
				CLANG_ENABLE_OBJC_WEAK = YES;
				CLANG_WARN_BLOCK_CAPTURE_AUTORELEASING = YES;
				CLANG_WARN_BOOL_CONVERSION = YES;
				CLANG_WARN_COMMA = YES;
				CLANG_WARN_CONSTANT_CONVERSION = YES;
				CLANG_WARN_DEPRECATED_OBJC_IMPLEMENTATIONS = YES;
				CLANG_WARN_DIRECT_OBJC_ISA_USAGE = YES_ERROR;
				CLANG_WARN_DOCUMENTATION_COMMENTS = YES;
				CLANG_WARN_EMPTY_BODY = YES;
				CLANG_WARN_ENUM_CONVERSION = YES;
				CLANG_WARN_INFINITE_RECURSION = YES;
				CLANG_WARN_INT_CONVERSION = YES;
				CLANG_WARN_NON_LITERAL_NULL_CONVERSION = YES;
				CLANG_WARN_OBJC_IMPLICIT_RETAIN_SELF = YES;
				CLANG_WARN_OBJC_LITERAL_CONVERSION = YES;
				CLANG_WARN_OBJC_ROOT_CLASS = YES_ERROR;
				CLANG_WARN_RANGE_LOOP_ANALYSIS = YES;
				CLANG_WARN_STRICT_PROTOTYPES = YES;
				CLANG_WARN_SUSPICIOUS_MOVE = YES;
				CLANG_WARN_UNGUARDED_AVAILABILITY = YES_AGGRESSIVE;
				CLANG_WARN_UNREACHABLE_CODE = YES;
				CLANG_WARN__DUPLICATE_METHOD_MATCH = YES;
				CODE_SIGN_IDENTITY = "Mac Developer";
				COPY_PHASE_STRIP = NO;
				DEBUG_INFORMATION_FORMAT = "dwarf-with-dsym";
				ENABLE_NS_ASSERTIONS = NO;
				ENABLE_STRICT_OBJC_MSGSEND = YES;
				GCC_C_LANGUAGE_STANDARD = gnu11;
				GCC_NO_COMMON_BLOCKS = YES;
				GCC_WARN_64_TO_32_BIT_CONVERSION = YES;
				GCC_WARN_ABOUT_RETURN_TYPE = YES_ERROR;
				GCC_WARN_UNDECLARED_SELECTOR = YES;
				GCC_WARN_UNINITIALIZED_AUTOS = YES_AGGRESSIVE;
				GCC_WARN_UNUSED_FUNCTION = YES;
				GCC_WARN_UNUSED_VARIABLE = YES;
				MACOSX_DEPLOYMENT_TARGET = 10.13;
				MTL_ENABLE_DEBUG_INFO = NO;
				SDKROOT = macosx;
			};
			name = Release;
		};
		BFDCDBB8217EA19300E3BF7A /* Debug */ = {
			isa = XCBuildConfiguration;
			buildSettings = {
				CODE_SIGN_STYLE = Automatic;
				DEVELOPMENT_TEAM = SQ778Z76FT;
				HEADER_SEARCH_PATHS = (
					/usr/local/include/opencv,
					/usr/local/include/opencv2,
					/usr/local/include/,
				);
				LIBRARY_SEARCH_PATHS = /usr/local/lib;
				PRODUCT_NAME = "$(TARGET_NAME)";
			};
			name = Debug;
		};
		BFDCDBB9217EA19300E3BF7A /* Release */ = {
			isa = XCBuildConfiguration;
			buildSettings = {
				CODE_SIGN_STYLE = Automatic;
				DEVELOPMENT_TEAM = SQ778Z76FT;
				HEADER_SEARCH_PATHS = (
					/usr/local/include/opencv,
					/usr/local/include/opencv2,
					/usr/local/include/,
				);
				LIBRARY_SEARCH_PATHS = /usr/local/lib;
				PRODUCT_NAME = "$(TARGET_NAME)";
			};
			name = Release;
		};
/* End XCBuildConfiguration section */

/* Begin XCConfigurationList section */
		BFDCDBAB217EA19300E3BF7A /* Build configuration list for PBXProject "OpenCV4-2" */ = {
			isa = XCConfigurationList;
			buildConfigurations = (
				BFDCDBB5217EA19300E3BF7A /* Debug */,
				BFDCDBB6217EA19300E3BF7A /* Release */,
			);
			defaultConfigurationIsVisible = 0;
			defaultConfigurationName = Release;
		};
		BFDCDBB7217EA19300E3BF7A /* Build configuration list for PBXNativeTarget "OpenCV4-2" */ = {
			isa = XCConfigurationList;
			buildConfigurations = (
				BFDCDBB8217EA19300E3BF7A /* Debug */,
				BFDCDBB9217EA19300E3BF7A /* Release */,
			);
			defaultConfigurationIsVisible = 0;
			defaultConfigurationName = Release;
		};
/* End XCConfigurationList section */
	};
	rootObject = BFDCDBA8217EA19300E3BF7A /* Project object */;
}
